<Solution>
  <Configurations>
    <Platform Name="x64" />
  </Configurations>
  <Project Path="AirBlade/AirBlade.csproj">
    <Platform Solution="*|x64" Project="x64" />
    <Deploy Solution="Release|x64" />
  </Project>
  <Project Path="AirBlade.IntegrationProbe/AirBlade.IntegrationProbe.csproj" />
  <Project Path="AirBlade.Tests/AirBlade.Tests.csproj" />
</Solution>
